
Microsoft Visual Studio Solution File, Format Version 12.00
# Visual Studio 15
VisualStudioVersion = 15.0.28307.421
MinimumVisualStudioVersion = 10.0.40219.1
Project("{FAE04EC0-301F-11D3-BF4B-00C04F79EFBC}") = "IncomprehensibleFinderKata", "IncomprehensibleFinderKata\IncomprehensibleFinderKata.csproj", "{D236AA66-15CC-4B68-8C58-887DDF9FAA18}"
EndProject
Project("{FAE04EC0-301F-11D3-BF4B-00C04F79EFBC}") = "IncomprehensibleFinderKata.Tests", "IncomprehensibleFinderKata.Tests\IncomprehensibleFinderKata.Tests.csproj", "{BDD15E45-346F-4A4F-A6EE-856C58F1A33A}"
EndProject
Global
	GlobalSection(SolutionConfigurationPlatforms) = preSolution
		Debug|Any CPU = Debug|Any CPU
		Release|Any CPU = Release|Any CPU
	EndGlobalSection
	GlobalSection(ProjectConfigurationPlatforms) = postSolution
		{D236AA66-15CC-4B68-8C58-887DDF9FAA18}.Debug|Any CPU.ActiveCfg = Debug|Any CPU
		{D236AA66-15CC-4B68-8C58-887DDF9FAA18}.Debug|Any CPU.Build.0 = Debug|Any CPU
		{D236AA66-15CC-4B68-8C58-887DDF9FAA18}.Release|Any CPU.ActiveCfg = Release|Any CPU
		{D236AA66-15CC-4B68-8C58-887DDF9FAA18}.Release|Any CPU.Build.0 = Release|Any CPU
		{BDD15E45-346F-4A4F-A6EE-856C58F1A33A}.Debug|Any CPU.ActiveCfg = Debug|Any CPU
		{BDD15E45-346F-4A4F-A6EE-856C58F1A33A}.Debug|Any CPU.Build.0 = Debug|Any CPU
		{BDD15E45-346F-4A4F-A6EE-856C58F1A33A}.Release|Any CPU.ActiveCfg = Release|Any CPU
		{BDD15E45-346F-4A4F-A6EE-856C58F1A33A}.Release|Any CPU.Build.0 = Release|Any CPU
	EndGlobalSection
	GlobalSection(SolutionProperties) = preSolution
		HideSolutionNode = FALSE
	EndGlobalSection
	GlobalSection(ExtensibilityGlobals) = postSolution
		SolutionGuid = {9CB605F6-DDB7-464A-86C6-935613AA4A89}
	EndGlobalSection
EndGlobal
